// !$*UTF8*$!
{
	archiveVersion = 1;
	classes = {
	};
	objectVersion = 56;
	objects = {

/* Begin PBXBuildFile section */
		5F38561F2AE22119002AD2F7 /* LOTRApp.swift in Sources */ = {isa = PBXBuildFile; fileRef = 5F38561E2AE22119002AD2F7 /* LOTRApp.swift */; };
		5F3856212AE22119002AD2F7 /* ContentView.swift in Sources */ = {isa = PBXBuildFile; fileRef = 5F3856202AE22119002AD2F7 /* ContentView.swift */; };
		5F3856232AE2211A002AD2F7 /* Assets.xcassets in Resources */ = {isa = PBXBuildFile; fileRef = 5F3856222AE2211A002AD2F7 /* Assets.xcassets */; };
		5F3856262AE2211A002AD2F7 /* Preview Assets.xcassets in Resources */ = {isa = PBXBuildFile; fileRef = 5F3856252AE2211A002AD2F7 /* Preview Assets.xcassets */; };
		5F3856302AE2211A002AD2F7 /* LOTRTests.swift in Sources */ = {isa = PBXBuildFile; fileRef = 5F38562F2AE2211A002AD2F7 /* LOTRTests.swift */; };
		5F38563A2AE2211A002AD2F7 /* LOTRUITests.swift in Sources */ = {isa = PBXBuildFile; fileRef = 5F3856392AE2211A002AD2F7 /* LOTRUITests.swift */; };
		5F38563C2AE2211A002AD2F7 /* LOTRUITestsLaunchTests.swift in Sources */ = {isa = PBXBuildFile; fileRef = 5F38563B2AE2211A002AD2F7 /* LOTRUITestsLaunchTests.swift */; };
		5F3856492AE4DC38002AD2F7 /* ExchangeInfo.swift in Sources */ = {isa = PBXBuildFile; fileRef = 5F3856482AE4DC38002AD2F7 /* ExchangeInfo.swift */; };
		5F38564B2AE4E995002AD2F7 /* ExchangeRate.swift in Sources */ = {isa = PBXBuildFile; fileRef = 5F38564A2AE4E995002AD2F7 /* ExchangeRate.swift */; };
		5F38564D2AE4EF16002AD2F7 /* SelectCurrency.swift in Sources */ = {isa = PBXBuildFile; fileRef = 5F38564C2AE4EF16002AD2F7 /* SelectCurrency.swift */; };
		5F38564F2AE4F386002AD2F7 /* CurrencyPiece.swift in Sources */ = {isa = PBXBuildFile; fileRef = 5F38564E2AE4F386002AD2F7 /* CurrencyPiece.swift */; };
		5F3856512AE502E5002AD2F7 /* Currency.swift in Sources */ = {isa = PBXBuildFile; fileRef = 5F3856502AE502E5002AD2F7 /* Currency.swift */; };
		5F3856532AE53393002AD2F7 /* IconGrid.swift in Sources */ = {isa = PBXBuildFile; fileRef = 5F3856522AE53393002AD2F7 /* IconGrid.swift */; };
		5F3856552AE6322D002AD2F7 /* CurrencyInput.swift in Sources */ = {isa = PBXBuildFile; fileRef = 5F3856542AE6322D002AD2F7 /* CurrencyInput.swift */; };
/* End PBXBuildFile section */

/* Begin PBXContainerItemProxy section */
		5F38562C2AE2211A002AD2F7 /* PBXContainerItemProxy */ = {
			isa = PBXContainerItemProxy;
			containerPortal = 5F3856132AE22119002AD2F7 /* Project object */;
			proxyType = 1;
			remoteGlobalIDString = 5F38561A2AE22119002AD2F7;
			remoteInfo = LOTR;
		};
		5F3856362AE2211A002AD2F7 /* PBXContainerItemProxy */ = {
			isa = PBXContainerItemProxy;
			containerPortal = 5F3856132AE22119002AD2F7 /* Project object */;
			proxyType = 1;
			remoteGlobalIDString = 5F38561A2AE22119002AD2F7;
			remoteInfo = LOTR;
		};
/* End PBXContainerItemProxy section */

/* Begin PBXFileReference section */
		5F38561B2AE22119002AD2F7 /* LOTR.app */ = {isa = PBXFileReference; explicitFileType = wrapper.application; includeInIndex = 0; path = LOTR.app; sourceTree = BUILT_PRODUCTS_DIR; };
		5F38561E2AE22119002AD2F7 /* LOTRApp.swift */ = {isa = PBXFileReference; lastKnownFileType = sourcecode.swift; path = LOTRApp.swift; sourceTree = "<group>"; };
		5F3856202AE22119002AD2F7 /* ContentView.swift */ = {isa = PBXFileReference; lastKnownFileType = sourcecode.swift; path = ContentView.swift; sourceTree = "<group>"; };
		5F3856222AE2211A002AD2F7 /* Assets.xcassets */ = {isa = PBXFileReference; lastKnownFileType = folder.assetcatalog; path = Assets.xcassets; sourceTree = "<group>"; };
		5F3856252AE2211A002AD2F7 /* Preview Assets.xcassets */ = {isa = PBXFileReference; lastKnownFileType = folder.assetcatalog; path = "Preview Assets.xcassets"; sourceTree = "<group>"; };
		5F38562B2AE2211A002AD2F7 /* LOTRTests.xctest */ = {isa = PBXFileReference; explicitFileType = wrapper.cfbundle; includeInIndex = 0; path = LOTRTests.xctest; sourceTree = BUILT_PRODUCTS_DIR; };
		5F38562F2AE2211A002AD2F7 /* LOTRTests.swift */ = {isa = PBXFileReference; lastKnownFileType = sourcecode.swift; path = LOTRTests.swift; sourceTree = "<group>"; };
		5F3856352AE2211A002AD2F7 /* LOTRUITests.xctest */ = {isa = PBXFileReference; explicitFileType = wrapper.cfbundle; includeInIndex = 0; path = LOTRUITests.xctest; sourceTree = BUILT_PRODUCTS_DIR; };
		5F3856392AE2211A002AD2F7 /* LOTRUITests.swift */ = {isa = PBXFileReference; lastKnownFileType = sourcecode.swift; path = LOTRUITests.swift; sourceTree = "<group>"; };
		5F38563B2AE2211A002AD2F7 /* LOTRUITestsLaunchTests.swift */ = {isa = PBXFileReference; lastKnownFileType = sourcecode.swift; path = LOTRUITestsLaunchTests.swift; sourceTree = "<group>"; };
		5F3856482AE4DC38002AD2F7 /* ExchangeInfo.swift */ = {isa = PBXFileReference; lastKnownFileType = sourcecode.swift; path = ExchangeInfo.swift; sourceTree = "<group>"; };
		5F38564A2AE4E995002AD2F7 /* ExchangeRate.swift */ = {isa = PBXFileReference; lastKnownFileType = sourcecode.swift; path = ExchangeRate.swift; sourceTree = "<group>"; };
		5F38564C2AE4EF16002AD2F7 /* SelectCurrency.swift */ = {isa = PBXFileReference; lastKnownFileType = sourcecode.swift; path = SelectCurrency.swift; sourceTree = "<group>"; };
		5F38564E2AE4F386002AD2F7 /* CurrencyPiece.swift */ = {isa = PBXFileReference; lastKnownFileType = sourcecode.swift; path = CurrencyPiece.swift; sourceTree = "<group>"; };
		5F3856502AE502E5002AD2F7 /* Currency.swift */ = {isa = PBXFileReference; lastKnownFileType = sourcecode.swift; path = Currency.swift; sourceTree = "<group>"; };
		5F3856522AE53393002AD2F7 /* IconGrid.swift */ = {isa = PBXFileReference; lastKnownFileType = sourcecode.swift; path = IconGrid.swift; sourceTree = "<group>"; };
		5F3856542AE6322D002AD2F7 /* CurrencyInput.swift */ = {isa = PBXFileReference; lastKnownFileType = sourcecode.swift; path = CurrencyInput.swift; sourceTree = "<group>"; };
/* End PBXFileReference section */

/* Begin PBXFrameworksBuildPhase section */
		5F3856182AE22119002AD2F7 /* Frameworks */ = {
			isa = PBXFrameworksBuildPhase;
			buildActionMask = 2147483647;
			files = (
			);
			runOnlyForDeploymentPostprocessing = 0;
		};
		5F3856282AE2211A002AD2F7 /* Frameworks */ = {
			isa = PBXFrameworksBuildPhase;
			buildActionMask = 2147483647;
			files = (
			);
			runOnlyForDeploymentPostprocessing = 0;
		};
		5F3856322AE2211A002AD2F7 /* Frameworks */ = {
			isa = PBXFrameworksBuildPhase;
			buildActionMask = 2147483647;
			files = (
			);
			runOnlyForDeploymentPostprocessing = 0;
		};
/* End PBXFrameworksBuildPhase section */

/* Begin PBXGroup section */
		5F3856122AE22119002AD2F7 = {
			isa = PBXGroup;
			children = (
				5F38561D2AE22119002AD2F7 /* LOTR */,
				5F38562E2AE2211A002AD2F7 /* LOTRTests */,
				5F3856382AE2211A002AD2F7 /* LOTRUITests */,
				5F38561C2AE22119002AD2F7 /* Products */,
			);
			sourceTree = "<group>";
		};
		5F38561C2AE22119002AD2F7 /* Products */ = {
			isa = PBXGroup;
			children = (
				5F38561B2AE22119002AD2F7 /* LOTR.app */,
				5F38562B2AE2211A002AD2F7 /* LOTRTests.xctest */,
				5F3856352AE2211A002AD2F7 /* LOTRUITests.xctest */,
			);
			name = Products;
			sourceTree = "<group>";
		};
		5F38561D2AE22119002AD2F7 /* LOTR */ = {
			isa = PBXGroup;
			children = (
				5F38561E2AE22119002AD2F7 /* LOTRApp.swift */,
				5F3856202AE22119002AD2F7 /* ContentView.swift */,
				5F3856522AE53393002AD2F7 /* IconGrid.swift */,
				5F3856502AE502E5002AD2F7 /* Currency.swift */,
				5F3856542AE6322D002AD2F7 /* CurrencyInput.swift */,
				5F38564C2AE4EF16002AD2F7 /* SelectCurrency.swift */,
				5F38564E2AE4F386002AD2F7 /* CurrencyPiece.swift */,
				5F3856482AE4DC38002AD2F7 /* ExchangeInfo.swift */,
				5F38564A2AE4E995002AD2F7 /* ExchangeRate.swift */,
				5F3856222AE2211A002AD2F7 /* Assets.xcassets */,
				5F3856242AE2211A002AD2F7 /* Preview Content */,
			);
			path = LOTR;
			sourceTree = "<group>";
		};
		5F3856242AE2211A002AD2F7 /* Preview Content */ = {
			isa = PBXGroup;
			children = (
				5F3856252AE2211A002AD2F7 /* Preview Assets.xcassets */,
			);
			path = "Preview Content";
			sourceTree = "<group>";
		};
		5F38562E2AE2211A002AD2F7 /* LOTRTests */ = {
			isa = PBXGroup;
			children = (
				5F38562F2AE2211A002AD2F7 /* LOTRTests.swift */,
			);
			path = LOTRTests;
			sourceTree = "<group>";
		};
		5F3856382AE2211A002AD2F7 /* LOTRUITests */ = {
			isa = PBXGroup;
			children = (
				5F3856392AE2211A002AD2F7 /* LOTRUITests.swift */,
				5F38563B2AE2211A002AD2F7 /* LOTRUITestsLaunchTests.swift */,
			);
			path = LOTRUITests;
			sourceTree = "<group>";
		};
/* End PBXGroup section */

/* Begin PBXNativeTarget section */
		5F38561A2AE22119002AD2F7 /* LOTR */ = {
			isa = PBXNativeTarget;
			buildConfigurationList = 5F38563F2AE2211A002AD2F7 /* Build configuration list for PBXNativeTarget "LOTR" */;
			buildPhases = (
				5F3856172AE22119002AD2F7 /* Sources */,
				5F3856182AE22119002AD2F7 /* Frameworks */,
				5F3856192AE22119002AD2F7 /* Resources */,
			);
			buildRules = (
			);
			dependencies = (
			);
			name = LOTR;
			productName = LOTR;
			productReference = 5F38561B2AE22119002AD2F7 /* LOTR.app */;
			productType = "com.apple.product-type.application";
		};
		5F38562A2AE2211A002AD2F7 /* LOTRTests */ = {
			isa = PBXNativeTarget;
			buildConfigurationList = 5F3856422AE2211A002AD2F7 /* Build configuration list for PBXNativeTarget "LOTRTests" */;
			buildPhases = (
				5F3856272AE2211A002AD2F7 /* Sources */,
				5F3856282AE2211A002AD2F7 /* Frameworks */,
				5F3856292AE2211A002AD2F7 /* Resources */,
			);
			buildRules = (
			);
			dependencies = (
				5F38562D2AE2211A002AD2F7 /* PBXTargetDependency */,
			);
			name = LOTRTests;
			productName = LOTRTests;
			productReference = 5F38562B2AE2211A002AD2F7 /* LOTRTests.xctest */;
			productType = "com.apple.product-type.bundle.unit-test";
		};
		5F3856342AE2211A002AD2F7 /* LOTRUITests */ = {
			isa = PBXNativeTarget;
			buildConfigurationList = 5F3856452AE2211A002AD2F7 /* Build configuration list for PBXNativeTarget "LOTRUITests" */;
			buildPhases = (
				5F3856312AE2211A002AD2F7 /* Sources */,
				5F3856322AE2211A002AD2F7 /* Frameworks */,
				5F3856332AE2211A002AD2F7 /* Resources */,
			);
			buildRules = (
			);
			dependencies = (
				5F3856372AE2211A002AD2F7 /* PBXTargetDependency */,
			);
			name = LOTRUITests;
			productName = LOTRUITests;
			productReference = 5F3856352AE2211A002AD2F7 /* LOTRUITests.xctest */;
			productType = "com.apple.product-type.bundle.ui-testing";
		};
/* End PBXNativeTarget section */

/* Begin PBXProject section */
		5F3856132AE22119002AD2F7 /* Project object */ = {
			isa = PBXProject;
			attributes = {
				BuildIndependentTargetsInParallel = 1;
				LastSwiftUpdateCheck = 1500;
				LastUpgradeCheck = 1500;
				TargetAttributes = {
					5F38561A2AE22119002AD2F7 = {
						CreatedOnToolsVersion = 15.0.1;
					};
					5F38562A2AE2211A002AD2F7 = {
						CreatedOnToolsVersion = 15.0.1;
						TestTargetID = 5F38561A2AE22119002AD2F7;
					};
					5F3856342AE2211A002AD2F7 = {
						CreatedOnToolsVersion = 15.0.1;
						TestTargetID = 5F38561A2AE22119002AD2F7;
					};
				};
			};
			buildConfigurationList = 5F3856162AE22119002AD2F7 /* Build configuration list for PBXProject "LOTR" */;
			compatibilityVersion = "Xcode 14.0";
			developmentRegion = en;
			hasScannedForEncodings = 0;
			knownRegions = (
				en,
				Base,
			);
			mainGroup = 5F3856122AE22119002AD2F7;
			productRefGroup = 5F38561C2AE22119002AD2F7 /* Products */;
			projectDirPath = "";
			projectRoot = "";
			targets = (
				5F38561A2AE22119002AD2F7 /* LOTR */,
				5F38562A2AE2211A002AD2F7 /* LOTRTests */,
				5F3856342AE2211A002AD2F7 /* LOTRUITests */,
			);
		};
/* End PBXProject section */

/* Begin PBXResourcesBuildPhase section */
		5F3856192AE22119002AD2F7 /* Resources */ = {
			isa = PBXResourcesBuildPhase;
			buildActionMask = 2147483647;
			files = (
				5F3856262AE2211A002AD2F7 /* Preview Assets.xcassets in Resources */,
				5F3856232AE2211A002AD2F7 /* Assets.xcassets in Resources */,
			);
			runOnlyForDeploymentPostprocessing = 0;
		};
		5F3856292AE2211A002AD2F7 /* Resources */ = {
			isa = PBXResourcesBuildPhase;
			buildActionMask = 2147483647;
			files = (
			);
			runOnlyForDeploymentPostprocessing = 0;
		};
		5F3856332AE2211A002AD2F7 /* Resources */ = {
			isa = PBXResourcesBuildPhase;
			buildActionMask = 2147483647;
			files = (
			);
			runOnlyForDeploymentPostprocessing = 0;
		};
/* End PBXResourcesBuildPhase section */

/* Begin PBXSourcesBuildPhase section */
		5F3856172AE22119002AD2F7 /* Sources */ = {
			isa = PBXSourcesBuildPhase;
			buildActionMask = 2147483647;
			files = (
				5F3856532AE53393002AD2F7 /* IconGrid.swift in Sources */,
				5F38564B2AE4E995002AD2F7 /* ExchangeRate.swift in Sources */,
				5F38564D2AE4EF16002AD2F7 /* SelectCurrency.swift in Sources */,
				5F3856492AE4DC38002AD2F7 /* ExchangeInfo.swift in Sources */,
				5F38564F2AE4F386002AD2F7 /* CurrencyPiece.swift in Sources */,
				5F3856212AE22119002AD2F7 /* ContentView.swift in Sources */,
				5F3856552AE6322D002AD2F7 /* CurrencyInput.swift in Sources */,
				5F3856512AE502E5002AD2F7 /* Currency.swift in Sources */,
				5F38561F2AE22119002AD2F7 /* LOTRApp.swift in Sources */,
			);
			runOnlyForDeploymentPostprocessing = 0;
		};
		5F3856272AE2211A002AD2F7 /* Sources */ = {
			isa = PBXSourcesBuildPhase;
			buildActionMask = 2147483647;
			files = (
				5F3856302AE2211A002AD2F7 /* LOTRTests.swift in Sources */,
			);
			runOnlyForDeploymentPostprocessing = 0;
		};
		5F3856312AE2211A002AD2F7 /* Sources */ = {
			isa = PBXSourcesBuildPhase;
			buildActionMask = 2147483647;
			files = (
				5F38563A2AE2211A002AD2F7 /* LOTRUITests.swift in Sources */,
				5F38563C2AE2211A002AD2F7 /* LOTRUITestsLaunchTests.swift in Sources */,
			);
			runOnlyForDeploymentPostprocessing = 0;
		};
/* End PBXSourcesBuildPhase section */

/* Begin PBXTargetDependency section */
		5F38562D2AE2211A002AD2F7 /* PBXTargetDependency */ = {
			isa = PBXTargetDependency;
			target = 5F38561A2AE22119002AD2F7 /* LOTR */;
			targetProxy = 5F38562C2AE2211A002AD2F7 /* PBXContainerItemProxy */;
		};
		5F3856372AE2211A002AD2F7 /* PBXTargetDependency */ = {
			isa = PBXTargetDependency;
			target = 5F38561A2AE22119002AD2F7 /* LOTR */;
			targetProxy = 5F3856362AE2211A002AD2F7 /* PBXContainerItemProxy */;
		};
/* End PBXTargetDependency section */

/* Begin XCBuildConfiguration section */
		5F38563D2AE2211A002AD2F7 /* Debug */ = {
			isa = XCBuildConfiguration;
			buildSettings = {
				ALWAYS_SEARCH_USER_PATHS = NO;
				ASSETCATALOG_COMPILER_GENERATE_SWIFT_ASSET_SYMBOL_EXTENSIONS = YES;
				CLANG_ANALYZER_NONNULL = YES;
				CLANG_ANALYZER_NUMBER_OBJECT_CONVERSION = YES_AGGRESSIVE;
				CLANG_CXX_LANGUAGE_STANDARD = "gnu++20";
				CLANG_ENABLE_MODULES = YES;
				CLANG_ENABLE_OBJC_ARC = YES;
				CLANG_ENABLE_OBJC_WEAK = YES;
				CLANG_WARN_BLOCK_CAPTURE_AUTORELEASING = YES;
				CLANG_WARN_BOOL_CONVERSION = YES;
				CLANG_WARN_COMMA = YES;
				CLANG_WARN_CONSTANT_CONVERSION = YES;
				CLANG_WARN_DEPRECATED_OBJC_IMPLEMENTATIONS = YES;
				CLANG_WARN_DIRECT_OBJC_ISA_USAGE = YES_ERROR;
				CLANG_WARN_DOCUMENTATION_COMMENTS = YES;
				CLANG_WARN_EMPTY_BODY = YES;
				CLANG_WARN_ENUM_CONVERSION = YES;
				CLANG_WARN_INFINITE_RECURSION = YES;
				CLANG_WARN_INT_CONVERSION = YES;
				CLANG_WARN_NON_LITERAL_NULL_CONVERSION = YES;
				CLANG_WARN_OBJC_IMPLICIT_RETAIN_SELF = YES;
				CLANG_WARN_OBJC_LITERAL_CONVERSION = YES;
				CLANG_WARN_OBJC_ROOT_CLASS = YES_ERROR;
				CLANG_WARN_QUOTED_INCLUDE_IN_FRAMEWORK_HEADER = YES;
				CLANG_WARN_RANGE_LOOP_ANALYSIS = YES;
				CLANG_WARN_STRICT_PROTOTYPES = YES;
				CLANG_WARN_SUSPICIOUS_MOVE = YES;
				CLANG_WARN_UNGUARDED_AVAILABILITY = YES_AGGRESSIVE;
				CLANG_WARN_UNREACHABLE_CODE = YES;
				CLANG_WARN__DUPLICATE_METHOD_MATCH = YES;
				COPY_PHASE_STRIP = NO;
				DEBUG_INFORMATION_FORMAT = dwarf;
				ENABLE_STRICT_OBJC_MSGSEND = YES;
				ENABLE_TESTABILITY = YES;
				ENABLE_USER_SCRIPT_SANDBOXING = YES;
				GCC_C_LANGUAGE_STANDARD = gnu17;
				GCC_DYNAMIC_NO_PIC = NO;
				GCC_NO_COMMON_BLOCKS = YES;
				GCC_OPTIMIZATION_LEVEL = 0;
				GCC_PREPROCESSOR_DEFINITIONS = (
					"DEBUG=1",
					"$(inherited)",
				);
				GCC_WARN_64_TO_32_BIT_CONVERSION = YES;
				GCC_WARN_ABOUT_RETURN_TYPE = YES_ERROR;
				GCC_WARN_UNDECLARED_SELECTOR = YES;
				GCC_WARN_UNINITIALIZED_AUTOS = YES_AGGRESSIVE;
				GCC_WARN_UNUSED_FUNCTION = YES;
				GCC_WARN_UNUSED_VARIABLE = YES;
				IPHONEOS_DEPLOYMENT_TARGET = 16.0;
				LOCALIZATION_PREFERS_STRING_CATALOGS = YES;
				MTL_ENABLE_DEBUG_INFO = INCLUDE_SOURCE;
				MTL_FAST_MATH = YES;
				ONLY_ACTIVE_ARCH = YES;
				SDKROOT = iphoneos;
				SWIFT_ACTIVE_COMPILATION_CONDITIONS = "DEBUG $(inherited)";
				SWIFT_OPTIMIZATION_LEVEL = "-Onone";
			};
			name = Debug;
		};
		5F38563E2AE2211A002AD2F7 /* Release */ = {
			isa = XCBuildConfiguration;
			buildSettings = {
				ALWAYS_SEARCH_USER_PATHS = NO;
				ASSETCATALOG_COMPILER_GENERATE_SWIFT_ASSET_SYMBOL_EXTENSIONS = YES;
				CLANG_ANALYZER_NONNULL = YES;
				CLANG_ANALYZER_NUMBER_OBJECT_CONVERSION = YES_AGGRESSIVE;
				CLANG_CXX_LANGUAGE_STANDARD = "gnu++20";
				CLANG_ENABLE_MODULES = YES;
				CLANG_ENABLE_OBJC_ARC = YES;
				CLANG_ENABLE_OBJC_WEAK = YES;
				CLANG_WARN_BLOCK_CAPTURE_AUTORELEASING = YES;
				CLANG_WARN_BOOL_CONVERSION = YES;
				CLANG_WARN_COMMA = YES;
				CLANG_WARN_CONSTANT_CONVERSION = YES;
				CLANG_WARN_DEPRECATED_OBJC_IMPLEMENTATIONS = YES;
				CLANG_WARN_DIRECT_OBJC_ISA_USAGE = YES_ERROR;
				CLANG_WARN_DOCUMENTATION_COMMENTS = YES;
				CLANG_WARN_EMPTY_BODY = YES;
				CLANG_WARN_ENUM_CONVERSION = YES;
				CLANG_WARN_INFINITE_RECURSION = YES;
				CLANG_WARN_INT_CONVERSION = YES;
				CLANG_WARN_NON_LITERAL_NULL_CONVERSION = YES;
				CLANG_WARN_OBJC_IMPLICIT_RETAIN_SELF = YES;
				CLANG_WARN_OBJC_LITERAL_CONVERSION = YES;
				CLANG_WARN_OBJC_ROOT_CLASS = YES_ERROR;
				CLANG_WARN_QUOTED_INCLUDE_IN_FRAMEWORK_HEADER = YES;
				CLANG_WARN_RANGE_LOOP_ANALYSIS = YES;
				CLANG_WARN_STRICT_PROTOTYPES = YES;
				CLANG_WARN_SUSPICIOUS_MOVE = YES;
				CLANG_WARN_UNGUARDED_AVAILABILITY = YES_AGGRESSIVE;
				CLANG_WARN_UNREACHABLE_CODE = YES;
				CLANG_WARN__DUPLICATE_METHOD_MATCH = YES;
				COPY_PHASE_STRIP = NO;
				DEBUG_INFORMATION_FORMAT = "dwarf-with-dsym";
				ENABLE_NS_ASSERTIONS = NO;
				ENABLE_STRICT_OBJC_MSGSEND = YES;
				ENABLE_USER_SCRIPT_SANDBOXING = YES;
				GCC_C_LANGUAGE_STANDARD = gnu17;
				GCC_NO_COMMON_BLOCKS = YES;
				GCC_WARN_64_TO_32_BIT_CONVERSION = YES;
				GCC_WARN_ABOUT_RETURN_TYPE = YES_ERROR;
				GCC_WARN_UNDECLARED_SELECTOR = YES;
				GCC_WARN_UNINITIALIZED_AUTOS = YES_AGGRESSIVE;
				GCC_WARN_UNUSED_FUNCTION = YES;
				GCC_WARN_UNUSED_VARIABLE = YES;
				IPHONEOS_DEPLOYMENT_TARGET = 16.0;
				LOCALIZATION_PREFERS_STRING_CATALOGS = YES;
				MTL_ENABLE_DEBUG_INFO = NO;
				MTL_FAST_MATH = YES;
				SDKROOT = iphoneos;
				SWIFT_COMPILATION_MODE = wholemodule;
				VALIDATE_PRODUCT = YES;
			};
			name = Release;
		};
		5F3856402AE2211A002AD2F7 /* Debug */ = {
			isa = XCBuildConfiguration;
			buildSettings = {
				ASSETCATALOG_COMPILER_APPICON_NAME = AppIcon;
				ASSETCATALOG_COMPILER_GLOBAL_ACCENT_COLOR_NAME = AccentColor;
				CODE_SIGN_STYLE = Automatic;
				CURRENT_PROJECT_VERSION = 1;
				DEVELOPMENT_ASSET_PATHS = "\"LOTR/Preview Content\"";
				ENABLE_PREVIEWS = YES;
				GENERATE_INFOPLIST_FILE = YES;
				INFOPLIST_KEY_UIApplicationSceneManifest_Generation = YES;
				INFOPLIST_KEY_UIApplicationSupportsIndirectInputEvents = YES;
				INFOPLIST_KEY_UILaunchScreen_Generation = YES;
				INFOPLIST_KEY_UISupportedInterfaceOrientations_iPad = "UIInterfaceOrientationPortrait UIInterfaceOrientationPortraitUpsideDown UIInterfaceOrientationLandscapeLeft UIInterfaceOrientationLandscapeRight";
				INFOPLIST_KEY_UISupportedInterfaceOrientations_iPhone = "UIInterfaceOrientationPortrait UIInterfaceOrientationLandscapeLeft UIInterfaceOrientationLandscapeRight";
				IPHONEOS_DEPLOYMENT_TARGET = 16.0;
				LD_RUNPATH_SEARCH_PATHS = (
					"$(inherited)",
					"@executable_path/Frameworks",
				);
				MARKETING_VERSION = 1.0;
				PRODUCT_BUNDLE_IDENTIFIER = com.livewithvim.LOTR;
				PRODUCT_NAME = "$(TARGET_NAME)";
				SWIFT_EMIT_LOC_STRINGS = YES;
				SWIFT_VERSION = 5.0;
				TARGETED_DEVICE_FAMILY = "1,2";
			};
			name = Debug;
		};
		5F3856412AE2211A002AD2F7 /* Release */ = {
			isa = XCBuildConfiguration;
			buildSettings = {
				ASSETCATALOG_COMPILER_APPICON_NAME = AppIcon;
				ASSETCATALOG_COMPILER_GLOBAL_ACCENT_COLOR_NAME = AccentColor;
				CODE_SIGN_STYLE = Automatic;
				CURRENT_PROJECT_VERSION = 1;
				DEVELOPMENT_ASSET_PATHS = "\"LOTR/Preview Content\"";
				ENABLE_PREVIEWS = YES;
				GENERATE_INFOPLIST_FILE = YES;
				INFOPLIST_KEY_UIApplicationSceneManifest_Generation = YES;
				INFOPLIST_KEY_UIApplicationSupportsIndirectInputEvents = YES;
				INFOPLIST_KEY_UILaunchScreen_Generation = YES;
				INFOPLIST_KEY_UISupportedInterfaceOrientations_iPad = "UIInterfaceOrientationPortrait UIInterfaceOrientationPortraitUpsideDown UIInterfaceOrientationLandscapeLeft UIInterfaceOrientationLandscapeRight";
				INFOPLIST_KEY_UISupportedInterfaceOrientations_iPhone = "UIInterfaceOrientationPortrait UIInterfaceOrientationLandscapeLeft UIInterfaceOrientationLandscapeRight";
				IPHONEOS_DEPLOYMENT_TARGET = 16.0;
				LD_RUNPATH_SEARCH_PATHS = (
					"$(inherited)",
					"@executable_path/Frameworks",
				);
				MARKETING_VERSION = 1.0;
				PRODUCT_BUNDLE_IDENTIFIER = com.livewithvim.LOTR;
				PRODUCT_NAME = "$(TARGET_NAME)";
				SWIFT_EMIT_LOC_STRINGS = YES;
				SWIFT_VERSION = 5.0;
				TARGETED_DEVICE_FAMILY = "1,2";
			};
			name = Release;
		};
		5F3856432AE2211A002AD2F7 /* Debug */ = {
			isa = XCBuildConfiguration;
			buildSettings = {
				ALWAYS_EMBED_SWIFT_STANDARD_LIBRARIES = YES;
				BUNDLE_LOADER = "$(TEST_HOST)";
				CODE_SIGN_STYLE = Automatic;
				CURRENT_PROJECT_VERSION = 1;
				GENERATE_INFOPLIST_FILE = YES;
				IPHONEOS_DEPLOYMENT_TARGET = 17.0;
				MARKETING_VERSION = 1.0;
				PRODUCT_BUNDLE_IDENTIFIER = com.livewithvim.LOTRTests;
				PRODUCT_NAME = "$(TARGET_NAME)";
				SWIFT_EMIT_LOC_STRINGS = NO;
				SWIFT_VERSION = 5.0;
				TARGETED_DEVICE_FAMILY = "1,2";
				TEST_HOST = "$(BUILT_PRODUCTS_DIR)/LOTR.app/$(BUNDLE_EXECUTABLE_FOLDER_PATH)/LOTR";
			};
			name = Debug;
		};
		5F3856442AE2211A002AD2F7 /* Release */ = {
			isa = XCBuildConfiguration;
			buildSettings = {
				ALWAYS_EMBED_SWIFT_STANDARD_LIBRARIES = YES;
				BUNDLE_LOADER = "$(TEST_HOST)";
				CODE_SIGN_STYLE = Automatic;
				CURRENT_PROJECT_VERSION = 1;
				GENERATE_INFOPLIST_FILE = YES;
				IPHONEOS_DEPLOYMENT_TARGET = 17.0;
				MARKETING_VERSION = 1.0;
				PRODUCT_BUNDLE_IDENTIFIER = com.livewithvim.LOTRTests;
				PRODUCT_NAME = "$(TARGET_NAME)";
				SWIFT_EMIT_LOC_STRINGS = NO;
				SWIFT_VERSION = 5.0;
				TARGETED_DEVICE_FAMILY = "1,2";
				TEST_HOST = "$(BUILT_PRODUCTS_DIR)/LOTR.app/$(BUNDLE_EXECUTABLE_FOLDER_PATH)/LOTR";
			};
			name = Release;
		};
		5F3856462AE2211A002AD2F7 /* Debug */ = {
			isa = XCBuildConfiguration;
			buildSettings = {
				ALWAYS_EMBED_SWIFT_STANDARD_LIBRARIES = YES;
				CODE_SIGN_STYLE = Automatic;
				CURRENT_PROJECT_VERSION = 1;
				GENERATE_INFOPLIST_FILE = YES;
				MARKETING_VERSION = 1.0;
				PRODUCT_BUNDLE_IDENTIFIER = com.livewithvim.LOTRUITests;
				PRODUCT_NAME = "$(TARGET_NAME)";
				SWIFT_EMIT_LOC_STRINGS = NO;
				SWIFT_VERSION = 5.0;
				TARGETED_DEVICE_FAMILY = "1,2";
				TEST_TARGET_NAME = LOTR;
			};
			name = Debug;
		};
		5F3856472AE2211A002AD2F7 /* Release */ = {
			isa = XCBuildConfiguration;
			buildSettings = {
				ALWAYS_EMBED_SWIFT_STANDARD_LIBRARIES = YES;
				CODE_SIGN_STYLE = Automatic;
				CURRENT_PROJECT_VERSION = 1;
				GENERATE_INFOPLIST_FILE = YES;
				MARKETING_VERSION = 1.0;
				PRODUCT_BUNDLE_IDENTIFIER = com.livewithvim.LOTRUITests;
				PRODUCT_NAME = "$(TARGET_NAME)";
				SWIFT_EMIT_LOC_STRINGS = NO;
				SWIFT_VERSION = 5.0;
				TARGETED_DEVICE_FAMILY = "1,2";
				TEST_TARGET_NAME = LOTR;
			};
			name = Release;
		};
/* End XCBuildConfiguration section */

/* Begin XCConfigurationList section */
		5F3856162AE22119002AD2F7 /* Build configuration list for PBXProject "LOTR" */ = {
			isa = XCConfigurationList;
			buildConfigurations = (
				5F38563D2AE2211A002AD2F7 /* Debug */,
				5F38563E2AE2211A002AD2F7 /* Release */,
			);
			defaultConfigurationIsVisible = 0;
			defaultConfigurationName = Release;
		};
		5F38563F2AE2211A002AD2F7 /* Build configuration list for PBXNativeTarget "LOTR" */ = {
			isa = XCConfigurationList;
			buildConfigurations = (
				5F3856402AE2211A002AD2F7 /* Debug */,
				5F3856412AE2211A002AD2F7 /* Release */,
			);
			defaultConfigurationIsVisible = 0;
			defaultConfigurationName = Release;
		};
		5F3856422AE2211A002AD2F7 /* Build configuration list for PBXNativeTarget "LOTRTests" */ = {
			isa = XCConfigurationList;
			buildConfigurations = (
				5F3856432AE2211A002AD2F7 /* Debug */,
				5F3856442AE2211A002AD2F7 /* Release */,
			);
			defaultConfigurationIsVisible = 0;
			defaultConfigurationName = Release;
		};
		5F3856452AE2211A002AD2F7 /* Build configuration list for PBXNativeTarget "LOTRUITests" */ = {
			isa = XCConfigurationList;
			buildConfigurations = (
				5F3856462AE2211A002AD2F7 /* Debug */,
				5F3856472AE2211A002AD2F7 /* Release */,
			);
			defaultConfigurationIsVisible = 0;
			defaultConfigurationName = Release;
		};
/* End XCConfigurationList section */
	};
	rootObject = 5F3856132AE22119002AD2F7 /* Project object */;
}
